# This file is automatically @generated by Cargo.
# It is not intended for manual editing.
version = 4

[[package]]
name = "ferrobox-application"
version = "0.1.0"
dependencies = [
 "ferrobox-domain",
 "ferrobox-ports",
]

[[package]]
name = "ferrobox-domain"
version = "0.1.0"

[[package]]
name = "ferrobox-ports"
version = "0.1.0"
dependencies = [
 "ferrobox-domain",
]
